
Microsoft Visual Studio Solution File, Format Version 12.00
# Visual Studio Version 17
VisualStudioVersion = 17.9.34728.123
MinimumVisualStudioVersion = 10.0.40219.1
Project("{FAE04EC0-301F-11D3-BF4B-00C04F79EFBC}") = "TextAdventure", "TextAdventure\TextAdventure.csproj", "{455DFC96-4078-4EA5-A56C-1A6CDB28B02A}"
EndProject
Global
	GlobalSection(SolutionConfigurationPlatforms) = preSolution
		Debug|Any CPU = Debug|Any CPU
		Release|Any CPU = Release|Any CPU
	EndGlobalSection
	GlobalSection(ProjectConfigurationPlatforms) = postSolution
		{455DFC96-4078-4EA5-A56C-1A6CDB28B02A}.Debug|Any CPU.ActiveCfg = Debug|Any CPU
		{455DFC96-4078-4EA5-A56C-1A6CDB28B02A}.Debug|Any CPU.Build.0 = Debug|Any CPU
		{455DFC96-4078-4EA5-A56C-1A6CDB28B02A}.Release|Any CPU.ActiveCfg = Release|Any CPU
		{455DFC96-4078-4EA5-A56C-1A6CDB28B02A}.Release|Any CPU.Build.0 = Release|Any CPU
	EndGlobalSection
	GlobalSection(SolutionProperties) = preSolution
		HideSolutionNode = FALSE
	EndGlobalSection
	GlobalSection(ExtensibilityGlobals) = postSolution
		SolutionGuid = {7D02C1EC-554E-4423-BC1C-EFC698BA0EFA}
	EndGlobalSection
EndGlobal
