
Microsoft Visual Studio Solution File, Format Version 12.00
# Visual Studio Version 17
VisualStudioVersion = 17.9.34728.123
MinimumVisualStudioVersion = 10.0.40219.1
Project("{FAE04EC0-301F-11D3-BF4B-00C04F79EFBC}") = "BossFight", "BossFight\BossFight.csproj", "{0F578A24-8D9B-4368-B3CA-469888683747}"
EndProject
Global
	GlobalSection(SolutionConfigurationPlatforms) = preSolution
		Debug|Any CPU = Debug|Any CPU
		Release|Any CPU = Release|Any CPU
	EndGlobalSection
	GlobalSection(ProjectConfigurationPlatforms) = postSolution
		{0F578A24-8D9B-4368-B3CA-469888683747}.Debug|Any CPU.ActiveCfg = Debug|Any CPU
		{0F578A24-8D9B-4368-B3CA-469888683747}.Debug|Any CPU.Build.0 = Debug|Any CPU
		{0F578A24-8D9B-4368-B3CA-469888683747}.Release|Any CPU.ActiveCfg = Release|Any CPU
		{0F578A24-8D9B-4368-B3CA-469888683747}.Release|Any CPU.Build.0 = Release|Any CPU
	EndGlobalSection
	GlobalSection(SolutionProperties) = preSolution
		HideSolutionNode = FALSE
	EndGlobalSection
	GlobalSection(ExtensibilityGlobals) = postSolution
		SolutionGuid = {8C3615A4-8B07-4D89-BFB4-FFA69E0D3EEB}
	EndGlobalSection
EndGlobal
