
Microsoft Visual Studio Solution File, Format Version 12.00
# Visual Studio Version 17
VisualStudioVersion = 17.9.34728.123
MinimumVisualStudioVersion = 10.0.40219.1
Project("{FAE04EC0-301F-11D3-BF4B-00C04F79EFBC}") = "UnitTest", "UnitTest\UnitTest.csproj", "{92CEB21C-634E-432F-B869-1B3536FA84AC}"
EndProject
Project("{FAE04EC0-301F-11D3-BF4B-00C04F79EFBC}") = "UnitTest.Practice", "UnitTest.Practice\UnitTest.Practice.csproj", "{1E78906F-EC71-41F9-9901-3B82E7941963}"
EndProject
Global
	GlobalSection(SolutionConfigurationPlatforms) = preSolution
		Debug|Any CPU = Debug|Any CPU
		Release|Any CPU = Release|Any CPU
	EndGlobalSection
	GlobalSection(ProjectConfigurationPlatforms) = postSolution
		{92CEB21C-634E-432F-B869-1B3536FA84AC}.Debug|Any CPU.ActiveCfg = Debug|Any CPU
		{92CEB21C-634E-432F-B869-1B3536FA84AC}.Debug|Any CPU.Build.0 = Debug|Any CPU
		{92CEB21C-634E-432F-B869-1B3536FA84AC}.Release|Any CPU.ActiveCfg = Release|Any CPU
		{92CEB21C-634E-432F-B869-1B3536FA84AC}.Release|Any CPU.Build.0 = Release|Any CPU
		{1E78906F-EC71-41F9-9901-3B82E7941963}.Debug|Any CPU.ActiveCfg = Debug|Any CPU
		{1E78906F-EC71-41F9-9901-3B82E7941963}.Debug|Any CPU.Build.0 = Debug|Any CPU
		{1E78906F-EC71-41F9-9901-3B82E7941963}.Release|Any CPU.ActiveCfg = Release|Any CPU
		{1E78906F-EC71-41F9-9901-3B82E7941963}.Release|Any CPU.Build.0 = Release|Any CPU
	EndGlobalSection
	GlobalSection(SolutionProperties) = preSolution
		HideSolutionNode = FALSE
	EndGlobalSection
	GlobalSection(ExtensibilityGlobals) = postSolution
		SolutionGuid = {B44E07A4-F2ED-4AAD-A491-DEF8F236D863}
	EndGlobalSection
EndGlobal
