
Microsoft Visual Studio Solution File, Format Version 12.00
# Visual Studio Version 17
VisualStudioVersion = 17.9.34728.123
MinimumVisualStudioVersion = 10.0.40219.1
Project("{FAE04EC0-301F-11D3-BF4B-00C04F79EFBC}") = "AGirlSmilesAtYou", "AGirlSmilesAtYou\AGirlSmilesAtYou.csproj", "{A6FA52F9-5B07-4408-BDE1-B72B7E7BE37F}"
EndProject
Global
	GlobalSection(SolutionConfigurationPlatforms) = preSolution
		Debug|Any CPU = Debug|Any CPU
		Release|Any CPU = Release|Any CPU
	EndGlobalSection
	GlobalSection(ProjectConfigurationPlatforms) = postSolution
		{A6FA52F9-5B07-4408-BDE1-B72B7E7BE37F}.Debug|Any CPU.ActiveCfg = Debug|Any CPU
		{A6FA52F9-5B07-4408-BDE1-B72B7E7BE37F}.Debug|Any CPU.Build.0 = Debug|Any CPU
		{A6FA52F9-5B07-4408-BDE1-B72B7E7BE37F}.Release|Any CPU.ActiveCfg = Release|Any CPU
		{A6FA52F9-5B07-4408-BDE1-B72B7E7BE37F}.Release|Any CPU.Build.0 = Release|Any CPU
	EndGlobalSection
	GlobalSection(SolutionProperties) = preSolution
		HideSolutionNode = FALSE
	EndGlobalSection
	GlobalSection(ExtensibilityGlobals) = postSolution
		SolutionGuid = {4FD223E3-E0D1-41E4-AD20-ECE0042AD397}
	EndGlobalSection
EndGlobal
