
Microsoft Visual Studio Solution File, Format Version 12.00
# Visual Studio Version 17
VisualStudioVersion = 17.9.34728.123
MinimumVisualStudioVersion = 10.0.40219.1
Project("{FAE04EC0-301F-11D3-BF4B-00C04F79EFBC}") = "Formkontrollsystem", "Formkontrollsystem\Formkontrollsystem.csproj", "{53DE8F96-8767-4A92-B4F8-6DBC8A8C9445}"
EndProject
Global
	GlobalSection(SolutionConfigurationPlatforms) = preSolution
		Debug|Any CPU = Debug|Any CPU
		Release|Any CPU = Release|Any CPU
	EndGlobalSection
	GlobalSection(ProjectConfigurationPlatforms) = postSolution
		{53DE8F96-8767-4A92-B4F8-6DBC8A8C9445}.Debug|Any CPU.ActiveCfg = Debug|Any CPU
		{53DE8F96-8767-4A92-B4F8-6DBC8A8C9445}.Debug|Any CPU.Build.0 = Debug|Any CPU
		{53DE8F96-8767-4A92-B4F8-6DBC8A8C9445}.Release|Any CPU.ActiveCfg = Release|Any CPU
		{53DE8F96-8767-4A92-B4F8-6DBC8A8C9445}.Release|Any CPU.Build.0 = Release|Any CPU
	EndGlobalSection
	GlobalSection(SolutionProperties) = preSolution
		HideSolutionNode = FALSE
	EndGlobalSection
	GlobalSection(ExtensibilityGlobals) = postSolution
		SolutionGuid = {06E412AE-D68B-482F-8685-B11E7B1714A3}
	EndGlobalSection
EndGlobal
