
Microsoft Visual Studio Solution File, Format Version 12.00
# Visual Studio Version 17
VisualStudioVersion = 17.9.34728.123
MinimumVisualStudioVersion = 10.0.40219.1
Project("{FAE04EC0-301F-11D3-BF4B-00C04F79EFBC}") = "HarryPotter", "HarryPotter\HarryPotter.csproj", "{38516061-6ED2-4DD8-B798-18F69B247B9F}"
EndProject
Global
	GlobalSection(SolutionConfigurationPlatforms) = preSolution
		Debug|Any CPU = Debug|Any CPU
		Release|Any CPU = Release|Any CPU
	EndGlobalSection
	GlobalSection(ProjectConfigurationPlatforms) = postSolution
		{38516061-6ED2-4DD8-B798-18F69B247B9F}.Debug|Any CPU.ActiveCfg = Debug|Any CPU
		{38516061-6ED2-4DD8-B798-18F69B247B9F}.Debug|Any CPU.Build.0 = Debug|Any CPU
		{38516061-6ED2-4DD8-B798-18F69B247B9F}.Release|Any CPU.ActiveCfg = Release|Any CPU
		{38516061-6ED2-4DD8-B798-18F69B247B9F}.Release|Any CPU.Build.0 = Release|Any CPU
	EndGlobalSection
	GlobalSection(SolutionProperties) = preSolution
		HideSolutionNode = FALSE
	EndGlobalSection
	GlobalSection(ExtensibilityGlobals) = postSolution
		SolutionGuid = {2DD2550A-992C-4C3D-8703-28149043C468}
	EndGlobalSection
EndGlobal
